
Microsoft Visual Studio Solution File, Format Version 12.00
# Visual Studio Version 17
VisualStudioVersion = 17.4.33205.214
MinimumVisualStudioVersion = 10.0.40219.1
Project("{FAE04EC0-301F-11D3-BF4B-00C04F79EFBC}") = "server", "server\server.csproj", "{D8A079FA-5A8B-46B4-AB42-9CF0529B2A7C}"
EndProject
Global
	GlobalSection(SolutionConfigurationPlatforms) = preSolution
		Debug|Any CPU = Debug|Any CPU
		Release|Any CPU = Release|Any CPU
	EndGlobalSection
	GlobalSection(ProjectConfigurationPlatforms) = postSolution
		{D8A079FA-5A8B-46B4-AB42-9CF0529B2A7C}.Debug|Any CPU.ActiveCfg = Debug|Any CPU
		{D8A079FA-5A8B-46B4-AB42-9CF0529B2A7C}.Debug|Any CPU.Build.0 = Debug|Any CPU
		{D8A079FA-5A8B-46B4-AB42-9CF0529B2A7C}.Release|Any CPU.ActiveCfg = Release|Any CPU
		{D8A079FA-5A8B-46B4-AB42-9CF0529B2A7C}.Release|Any CPU.Build.0 = Release|Any CPU
	EndGlobalSection
	GlobalSection(SolutionProperties) = preSolution
		HideSolutionNode = FALSE
	EndGlobalSection
	GlobalSection(ExtensibilityGlobals) = postSolution
		SolutionGuid = {909A344E-A3DE-41EA-9A78-E782FF61DCDF}
	EndGlobalSection
EndGlobal
